
Microsoft Visual Studio Solution File, Format Version 12.00
# Visual Studio Version 17
VisualStudioVersion = 17.4.33403.182
MinimumVisualStudioVersion = 10.0.40219.1
Project("{FAE04EC0-301F-11D3-BF4B-00C04F79EFBC}") = "BikeStor", "BikeStor\BikeStor.csproj", "{96DF3701-9FC6-4D22-B334-5E10638CD6B1}"
EndProject
Global
	GlobalSection(SolutionConfigurationPlatforms) = preSolution
		Debug|Any CPU = Debug|Any CPU
		Release|Any CPU = Release|Any CPU
	EndGlobalSection
	GlobalSection(ProjectConfigurationPlatforms) = postSolution
		{96DF3701-9FC6-4D22-B334-5E10638CD6B1}.Debug|Any CPU.ActiveCfg = Debug|Any CPU
		{96DF3701-9FC6-4D22-B334-5E10638CD6B1}.Debug|Any CPU.Build.0 = Debug|Any CPU
		{96DF3701-9FC6-4D22-B334-5E10638CD6B1}.Release|Any CPU.ActiveCfg = Release|Any CPU
		{96DF3701-9FC6-4D22-B334-5E10638CD6B1}.Release|Any CPU.Build.0 = Release|Any CPU
	EndGlobalSection
	GlobalSection(SolutionProperties) = preSolution
		HideSolutionNode = FALSE
	EndGlobalSection
	GlobalSection(ExtensibilityGlobals) = postSolution
		SolutionGuid = {57D8424F-8A9A-4102-BACB-AC5325BDAE73}
	EndGlobalSection
EndGlobal
